# Generated by pub
# See https://dart.dev/tools/pub/glossary#lockfile
packages:
  lints:
    dependency: "direct dev"
    description:
      name: lints
      sha256: "976c774dd944a42e83e2467f4cc670daef7eed6295b10b36ae8c85bcbf828235"
      url: "https://pub.dev"
    source: hosted
    version: "4.0.0"
  rxdart:
    dependency: "direct main"
    description:
      path: "../../packages/rxdart"
      relative: true
    source: path
    version: "0.28.0"
sdks:
  dart: ">=3.1.0 <4.0.0"
